
Microsoft Visual Studio Solution File, Format Version 11.00
# Visual Studio 2010
Project("{FAE04EC0-301F-11D3-BF4B-00C04F79EFBC}") = "PAKTool", "PAKTool.csproj", "{4384B575-BF54-4912-8AB9-2B13C5D8AC89}"
EndProject
Global
	GlobalSection(SolutionConfigurationPlatforms) = preSolution
		Debug|Any CPU = Debug|Any CPU
		Release|Any CPU = Release|Any CPU
	EndGlobalSection
	GlobalSection(ProjectConfigurationPlatforms) = postSolution
		{4384B575-BF54-4912-8AB9-2B13C5D8AC89}.Debug|Any CPU.ActiveCfg = Debug|Any CPU
		{4384B575-BF54-4912-8AB9-2B13C5D8AC89}.Debug|Any CPU.Build.0 = Debug|Any CPU
		{4384B575-BF54-4912-8AB9-2B13C5D8AC89}.Release|Any CPU.ActiveCfg = Release|Any CPU
		{4384B575-BF54-4912-8AB9-2B13C5D8AC89}.Release|Any CPU.Build.0 = Release|Any CPU
	EndGlobalSection
	GlobalSection(SolutionProperties) = preSolution
		HideSolutionNode = FALSE
	EndGlobalSection
EndGlobal
